
Microsoft Visual Studio Solution File, Format Version 12.00
# Visual Studio Version 17
VisualStudioVersion = 17.5.002.0
MinimumVisualStudioVersion = 10.0.40219.1
Project("{9A19103F-16F7-4668-BE54-9A1E7A4F7556}") = "GameStore.APi", "GameStore.APi\GameStore.APi.csproj", "{1DFFC404-5D89-4586-A034-1A18A96C60E1}"
EndProject
Global
	GlobalSection(SolutionConfigurationPlatforms) = preSolution
		Debug|Any CPU = Debug|Any CPU
		Release|Any CPU = Release|Any CPU
	EndGlobalSection
	GlobalSection(ProjectConfigurationPlatforms) = postSolution
		{1DFFC404-5D89-4586-A034-1A18A96C60E1}.Debug|Any CPU.ActiveCfg = Debug|Any CPU
		{1DFFC404-5D89-4586-A034-1A18A96C60E1}.Debug|Any CPU.Build.0 = Debug|Any CPU
		{1DFFC404-5D89-4586-A034-1A18A96C60E1}.Release|Any CPU.ActiveCfg = Release|Any CPU
		{1DFFC404-5D89-4586-A034-1A18A96C60E1}.Release|Any CPU.Build.0 = Release|Any CPU
	EndGlobalSection
	GlobalSection(SolutionProperties) = preSolution
		HideSolutionNode = FALSE
	EndGlobalSection
	GlobalSection(ExtensibilityGlobals) = postSolution
		SolutionGuid = {D3C5D773-B71A-4E7A-BBD6-F39A08EDFC61}
	EndGlobalSection
EndGlobal
